
Microsoft Visual Studio Solution File, Format Version 12.00
# Visual Studio Version 17
VisualStudioVersion = 17.10.35013.160
MinimumVisualStudioVersion = 10.0.40219.1
Project("{FAE04EC0-301F-11D3-BF4B-00C04F79EFBC}") = "BW5", "BW5.csproj", "{6BE222D3-5638-488C-BAA6-FE46675EADF8}"
EndProject
Global
	GlobalSection(SolutionConfigurationPlatforms) = preSolution
		Debug|Any CPU = Debug|Any CPU
		Release|Any CPU = Release|Any CPU
	EndGlobalSection
	GlobalSection(ProjectConfigurationPlatforms) = postSolution
		{6BE222D3-5638-488C-BAA6-FE46675EADF8}.Debug|Any CPU.ActiveCfg = Debug|Any CPU
		{6BE222D3-5638-488C-BAA6-FE46675EADF8}.Debug|Any CPU.Build.0 = Debug|Any CPU
		{6BE222D3-5638-488C-BAA6-FE46675EADF8}.Release|Any CPU.ActiveCfg = Release|Any CPU
		{6BE222D3-5638-488C-BAA6-FE46675EADF8}.Release|Any CPU.Build.0 = Release|Any CPU
	EndGlobalSection
	GlobalSection(SolutionProperties) = preSolution
		HideSolutionNode = FALSE
	EndGlobalSection
	GlobalSection(ExtensibilityGlobals) = postSolution
		SolutionGuid = {67E285F9-329E-4BE3-AC55-0B28695F9BB6}
	EndGlobalSection
EndGlobal
